
Microsoft Visual Studio Solution File, Format Version 12.00
# Visual Studio Version 18
VisualStudioVersion = 18.3.11408.92
MinimumVisualStudioVersion = 10.0.40219.1
Project("{9A19103F-16F7-4668-BE54-9A1E7A4F7556}") = "IconPacksGenerator", "IconPacksGenerator\IconPacksGenerator.csproj", "{EC0AEFFE-C16B-4496-A96A-477274A337B3}"
EndProject
Project("{9A19103F-16F7-4668-BE54-9A1E7A4F7556}") = "IconPacks.Material", "IconPacks.Material\IconPacks.Material.csproj", "{1F3DDD8D-5C7A-43D0-9B6C-84F91B03BB01}"
EndProject
Project("{9A19103F-16F7-4668-BE54-9A1E7A4F7556}") = "IconPacks.MaterialCommunity", "IconPacks.MaterialCommunity\IconPacks.MaterialCommunity.csproj", "{CEDEC398-1A3A-4BA0-90C9-3581C3A1F976}"
EndProject
Project("{9A19103F-16F7-4668-BE54-9A1E7A4F7556}") = "IconPacks.Ionic", "IconPacks.Ionic\IconPacks.Ionic.csproj", "{BCCDA0B0-DDB6-4B1C-9BA1-0F77F58B6141}"
EndProject
Project("{9A19103F-16F7-4668-BE54-9A1E7A4F7556}") = "IconPacks.Feather", "IconPacks.Feather\IconPacks.Feather.csproj", "{B4ECF4D5-FAD1-40D2-8E05-676BAF3EE19B}"
EndProject
Project("{9A19103F-16F7-4668-BE54-9A1E7A4F7556}") = "IconPacks.FontAwesome", "IconPacks.FontAwesome\IconPacks.FontAwesome.csproj", "{3972954D-3049-41D2-B9B2-0CF2E0504EB5}"
EndProject
Project("{9A19103F-16F7-4668-BE54-9A1E7A4F7556}") = "IconPacks.Tabler", "IconPacks.Tabler\IconPacks.Tabler.csproj", "{B54F22BA-9521-4CB5-9FEC-DCC55B86078F}"
EndProject
Project("{FAE04EC0-301F-11D3-BF4B-00C04F79EFBC}") = "IconPacks.Showcase", "IconPacks.Showcase\IconPacks.Showcase.csproj", "{B5CBA752-ABEC-48B8-BF98-D92CD02272A7}"
EndProject
Project("{FAE04EC0-301F-11D3-BF4B-00C04F79EFBC}") = "IconPacks.Fluent", "IconPacks.Fluent\IconPacks.Fluent.csproj", "{A430E52F-DDBA-48B7-9FC1-609A51D95A3F}"
EndProject
Project("{FAE04EC0-301F-11D3-BF4B-00C04F79EFBC}") = "IconPacks.Remix", "IconPacks.Remix\IconPacks.Remix.csproj", "{DA99780A-16DA-4D6C-BC2D-3FF15041EAD8}"
EndProject
Project("{FAE04EC0-301F-11D3-BF4B-00C04F79EFBC}") = "IconPacks.Hero", "IconPacks.Hero\IconPacks.Hero.csproj", "{8F3AF816-02A1-46A0-BC8C-A2BA14190EE0}"
EndProject
Project("{FAE04EC0-301F-11D3-BF4B-00C04F79EFBC}") = "IconPacks.Lucide", "IconPacks.Lucide\IconPacks.Lucide.csproj", "{277493A0-6B28-4323-94D4-06F1809D4470}"
EndProject
Project("{FAE04EC0-301F-11D3-BF4B-00C04F79EFBC}") = "IconPacks.Generator", "IconPacks.Generator\IconPacks.Generator.csproj", "{1E45BE72-4F92-D4AF-B24E-79AC7328D66D}"
EndProject
Project("{2150E333-8FDC-42A3-9474-1A3956D46DE8}") = "IconPacks", "IconPacks", "{C98C594A-D6F0-4A13-97F5-E565E857EEC4}"
EndProject
Project("{2150E333-8FDC-42A3-9474-1A3956D46DE8}") = "Generator.Test", "Generator.Test", "{3C3D3AA3-5539-49EF-8BD5-BD07EA29BF9C}"
EndProject
Project("{FAE04EC0-301F-11D3-BF4B-00C04F79EFBC}") = "AvaloniaApp", "Generator.Test\AvaloniaApp\AvaloniaApp.csproj", "{443ABA38-C3E8-4000-B1D4-F4E2B81B00C8}"
EndProject
Project("{FAE04EC0-301F-11D3-BF4B-00C04F79EFBC}") = "WpfApp", "Generator.Test\WpfApp\WpfApp.csproj", "{850FF90C-CC52-4694-9F4D-30A0FC4741B6}"
EndProject
Global
	GlobalSection(SolutionConfigurationPlatforms) = preSolution
		Debug|Any CPU = Debug|Any CPU
		Release|Any CPU = Release|Any CPU
	EndGlobalSection
	GlobalSection(ProjectConfigurationPlatforms) = postSolution
		{EC0AEFFE-C16B-4496-A96A-477274A337B3}.Debug|Any CPU.ActiveCfg = Debug|Any CPU
		{EC0AEFFE-C16B-4496-A96A-477274A337B3}.Debug|Any CPU.Build.0 = Debug|Any CPU
		{EC0AEFFE-C16B-4496-A96A-477274A337B3}.Release|Any CPU.ActiveCfg = Release|Any CPU
		{EC0AEFFE-C16B-4496-A96A-477274A337B3}.Release|Any CPU.Build.0 = Release|Any CPU
		{1F3DDD8D-5C7A-43D0-9B6C-84F91B03BB01}.Debug|Any CPU.ActiveCfg = Debug|Any CPU
		{1F3DDD8D-5C7A-43D0-9B6C-84F91B03BB01}.Debug|Any CPU.Build.0 = Debug|Any CPU
		{1F3DDD8D-5C7A-43D0-9B6C-84F91B03BB01}.Release|Any CPU.ActiveCfg = Release|Any CPU
		{1F3DDD8D-5C7A-43D0-9B6C-84F91B03BB01}.Release|Any CPU.Build.0 = Release|Any CPU
		{CEDEC398-1A3A-4BA0-90C9-3581C3A1F976}.Debug|Any CPU.ActiveCfg = Debug|Any CPU
		{CEDEC398-1A3A-4BA0-90C9-3581C3A1F976}.Debug|Any CPU.Build.0 = Debug|Any CPU
		{CEDEC398-1A3A-4BA0-90C9-3581C3A1F976}.Release|Any CPU.ActiveCfg = Release|Any CPU
		{CEDEC398-1A3A-4BA0-90C9-3581C3A1F976}.Release|Any CPU.Build.0 = Release|Any CPU
		{BCCDA0B0-DDB6-4B1C-9BA1-0F77F58B6141}.Debug|Any CPU.ActiveCfg = Debug|Any CPU
		{BCCDA0B0-DDB6-4B1C-9BA1-0F77F58B6141}.Debug|Any CPU.Build.0 = Debug|Any CPU
		{BCCDA0B0-DDB6-4B1C-9BA1-0F77F58B6141}.Release|Any CPU.ActiveCfg = Release|Any CPU
		{BCCDA0B0-DDB6-4B1C-9BA1-0F77F58B6141}.Release|Any CPU.Build.0 = Release|Any CPU
		{B4ECF4D5-FAD1-40D2-8E05-676BAF3EE19B}.Debug|Any CPU.ActiveCfg = Debug|Any CPU
		{B4ECF4D5-FAD1-40D2-8E05-676BAF3EE19B}.Debug|Any CPU.Build.0 = Debug|Any CPU
		{B4ECF4D5-FAD1-40D2-8E05-676BAF3EE19B}.Release|Any CPU.ActiveCfg = Release|Any CPU
		{B4ECF4D5-FAD1-40D2-8E05-676BAF3EE19B}.Release|Any CPU.Build.0 = Release|Any CPU
		{3972954D-3049-41D2-B9B2-0CF2E0504EB5}.Debug|Any CPU.ActiveCfg = Debug|Any CPU
		{3972954D-3049-41D2-B9B2-0CF2E0504EB5}.Debug|Any CPU.Build.0 = Debug|Any CPU
		{3972954D-3049-41D2-B9B2-0CF2E0504EB5}.Release|Any CPU.ActiveCfg = Release|Any CPU
		{3972954D-3049-41D2-B9B2-0CF2E0504EB5}.Release|Any CPU.Build.0 = Release|Any CPU
		{B54F22BA-9521-4CB5-9FEC-DCC55B86078F}.Debug|Any CPU.ActiveCfg = Debug|Any CPU
		{B54F22BA-9521-4CB5-9FEC-DCC55B86078F}.Debug|Any CPU.Build.0 = Debug|Any CPU
		{B54F22BA-9521-4CB5-9FEC-DCC55B86078F}.Release|Any CPU.ActiveCfg = Release|Any CPU
		{B54F22BA-9521-4CB5-9FEC-DCC55B86078F}.Release|Any CPU.Build.0 = Release|Any CPU
		{B5CBA752-ABEC-48B8-BF98-D92CD02272A7}.Debug|Any CPU.ActiveCfg = Debug|Any CPU
		{B5CBA752-ABEC-48B8-BF98-D92CD02272A7}.Debug|Any CPU.Build.0 = Debug|Any CPU
		{B5CBA752-ABEC-48B8-BF98-D92CD02272A7}.Release|Any CPU.ActiveCfg = Release|Any CPU
		{B5CBA752-ABEC-48B8-BF98-D92CD02272A7}.Release|Any CPU.Build.0 = Release|Any CPU
		{A430E52F-DDBA-48B7-9FC1-609A51D95A3F}.Debug|Any CPU.ActiveCfg = Debug|Any CPU
		{A430E52F-DDBA-48B7-9FC1-609A51D95A3F}.Debug|Any CPU.Build.0 = Debug|Any CPU
		{A430E52F-DDBA-48B7-9FC1-609A51D95A3F}.Release|Any CPU.ActiveCfg = Release|Any CPU
		{A430E52F-DDBA-48B7-9FC1-609A51D95A3F}.Release|Any CPU.Build.0 = Release|Any CPU
		{DA99780A-16DA-4D6C-BC2D-3FF15041EAD8}.Debug|Any CPU.ActiveCfg = Debug|Any CPU
		{DA99780A-16DA-4D6C-BC2D-3FF15041EAD8}.Debug|Any CPU.Build.0 = Debug|Any CPU
		{DA99780A-16DA-4D6C-BC2D-3FF15041EAD8}.Release|Any CPU.ActiveCfg = Release|Any CPU
		{DA99780A-16DA-4D6C-BC2D-3FF15041EAD8}.Release|Any CPU.Build.0 = Release|Any CPU
		{8F3AF816-02A1-46A0-BC8C-A2BA14190EE0}.Debug|Any CPU.ActiveCfg = Debug|Any CPU
		{8F3AF816-02A1-46A0-BC8C-A2BA14190EE0}.Debug|Any CPU.Build.0 = Debug|Any CPU
		{8F3AF816-02A1-46A0-BC8C-A2BA14190EE0}.Release|Any CPU.ActiveCfg = Release|Any CPU
		{8F3AF816-02A1-46A0-BC8C-A2BA14190EE0}.Release|Any CPU.Build.0 = Release|Any CPU
		{277493A0-6B28-4323-94D4-06F1809D4470}.Debug|Any CPU.ActiveCfg = Debug|Any CPU
		{277493A0-6B28-4323-94D4-06F1809D4470}.Debug|Any CPU.Build.0 = Debug|Any CPU
		{277493A0-6B28-4323-94D4-06F1809D4470}.Release|Any CPU.ActiveCfg = Release|Any CPU
		{277493A0-6B28-4323-94D4-06F1809D4470}.Release|Any CPU.Build.0 = Release|Any CPU
		{1E45BE72-4F92-D4AF-B24E-79AC7328D66D}.Debug|Any CPU.ActiveCfg = Debug|Any CPU
		{1E45BE72-4F92-D4AF-B24E-79AC7328D66D}.Debug|Any CPU.Build.0 = Debug|Any CPU
		{1E45BE72-4F92-D4AF-B24E-79AC7328D66D}.Release|Any CPU.ActiveCfg = Release|Any CPU
		{1E45BE72-4F92-D4AF-B24E-79AC7328D66D}.Release|Any CPU.Build.0 = Release|Any CPU
		{443ABA38-C3E8-4000-B1D4-F4E2B81B00C8}.Debug|Any CPU.ActiveCfg = Debug|Any CPU
		{443ABA38-C3E8-4000-B1D4-F4E2B81B00C8}.Debug|Any CPU.Build.0 = Debug|Any CPU
		{443ABA38-C3E8-4000-B1D4-F4E2B81B00C8}.Release|Any CPU.ActiveCfg = Release|Any CPU
		{443ABA38-C3E8-4000-B1D4-F4E2B81B00C8}.Release|Any CPU.Build.0 = Release|Any CPU
		{850FF90C-CC52-4694-9F4D-30A0FC4741B6}.Debug|Any CPU.ActiveCfg = Debug|Any CPU
		{850FF90C-CC52-4694-9F4D-30A0FC4741B6}.Debug|Any CPU.Build.0 = Debug|Any CPU
		{850FF90C-CC52-4694-9F4D-30A0FC4741B6}.Release|Any CPU.ActiveCfg = Release|Any CPU
		{850FF90C-CC52-4694-9F4D-30A0FC4741B6}.Release|Any CPU.Build.0 = Release|Any CPU
	EndGlobalSection
	GlobalSection(SolutionProperties) = preSolution
		HideSolutionNode = FALSE
	EndGlobalSection
	GlobalSection(NestedProjects) = preSolution
		{1F3DDD8D-5C7A-43D0-9B6C-84F91B03BB01} = {C98C594A-D6F0-4A13-97F5-E565E857EEC4}
		{CEDEC398-1A3A-4BA0-90C9-3581C3A1F976} = {C98C594A-D6F0-4A13-97F5-E565E857EEC4}
		{BCCDA0B0-DDB6-4B1C-9BA1-0F77F58B6141} = {C98C594A-D6F0-4A13-97F5-E565E857EEC4}
		{B4ECF4D5-FAD1-40D2-8E05-676BAF3EE19B} = {C98C594A-D6F0-4A13-97F5-E565E857EEC4}
		{3972954D-3049-41D2-B9B2-0CF2E0504EB5} = {C98C594A-D6F0-4A13-97F5-E565E857EEC4}
		{B54F22BA-9521-4CB5-9FEC-DCC55B86078F} = {C98C594A-D6F0-4A13-97F5-E565E857EEC4}
		{A430E52F-DDBA-48B7-9FC1-609A51D95A3F} = {C98C594A-D6F0-4A13-97F5-E565E857EEC4}
		{DA99780A-16DA-4D6C-BC2D-3FF15041EAD8} = {C98C594A-D6F0-4A13-97F5-E565E857EEC4}
		{8F3AF816-02A1-46A0-BC8C-A2BA14190EE0} = {C98C594A-D6F0-4A13-97F5-E565E857EEC4}
		{277493A0-6B28-4323-94D4-06F1809D4470} = {C98C594A-D6F0-4A13-97F5-E565E857EEC4}
		{443ABA38-C3E8-4000-B1D4-F4E2B81B00C8} = {3C3D3AA3-5539-49EF-8BD5-BD07EA29BF9C}
		{850FF90C-CC52-4694-9F4D-30A0FC4741B6} = {3C3D3AA3-5539-49EF-8BD5-BD07EA29BF9C}
	EndGlobalSection
	GlobalSection(ExtensibilityGlobals) = postSolution
		SolutionGuid = {CC339F10-06EC-41DC-825B-1836AACAF1D2}
	EndGlobalSection
EndGlobal
